
Microsoft Visual Studio Solution File, Format Version 12.00
# Visual Studio Version 16
VisualStudioVersion = 16.0.31613.86
MinimumVisualStudioVersion = 10.0.40219.1
Project("{FAE04EC0-301F-11D3-BF4B-00C04F79EFBC}") = "Chapter6-FormPrac", "Chapter6-FormPrac\Chapter6-FormPrac.csproj", "{1FE160D6-109B-443C-AC57-1F4E0E713C15}"
EndProject
Global
	GlobalSection(SolutionConfigurationPlatforms) = preSolution
		Debug|Any CPU = Debug|Any CPU
		Release|Any CPU = Release|Any CPU
	EndGlobalSection
	GlobalSection(ProjectConfigurationPlatforms) = postSolution
		{1FE160D6-109B-443C-AC57-1F4E0E713C15}.Debug|Any CPU.ActiveCfg = Debug|Any CPU
		{1FE160D6-109B-443C-AC57-1F4E0E713C15}.Debug|Any CPU.Build.0 = Debug|Any CPU
		{1FE160D6-109B-443C-AC57-1F4E0E713C15}.Release|Any CPU.ActiveCfg = Release|Any CPU
		{1FE160D6-109B-443C-AC57-1F4E0E713C15}.Release|Any CPU.Build.0 = Release|Any CPU
	EndGlobalSection
	GlobalSection(SolutionProperties) = preSolution
		HideSolutionNode = FALSE
	EndGlobalSection
	GlobalSection(ExtensibilityGlobals) = postSolution
		SolutionGuid = {502C4F5C-0727-4F6F-9CA5-81152CA71A87}
	EndGlobalSection
EndGlobal
